
Microsoft Visual Studio Solution File, Format Version 12.00
# Visual Studio Version 17
VisualStudioVersion = 17.7.34221.43
MinimumVisualStudioVersion = 10.0.40219.1
Project("{8BC9CEB8-8B4A-11D0-8D11-00A0C91BC942}") = "Pr3-4", "Pr3\Pr3.vcxproj", "{2DE9FD33-18E1-4B2A-BCBA-7FF718ACC472}"
EndProject
Project("{8BC9CEB8-8B4A-11D0-8D11-00A0C91BC942}") = "pr5", "pr4\pr4.vcxproj", "{2851949A-A338-4C50-9ED1-44381779DC8A}"
EndProject
Project("{8BC9CEB8-8B4A-11D0-8D11-00A0C91BC942}") = "pr6", "pr6\pr6.vcxproj", "{B0BF803A-B947-49C2-B463-92FC2FC93875}"
EndProject
Project("{8BC9CEB8-8B4A-11D0-8D11-00A0C91BC942}") = "Pr7", "Pr7\Pr7.vcxproj", "{D9132AD4-6106-45B5-A320-E3DF6E3B26C1}"
EndProject
Project("{8BC9CEB8-8B4A-11D0-8D11-00A0C91BC942}") = "Pr8", "Pr8\Pr8.vcxproj", "{66EA1047-3821-4ED9-8DFC-630D1996021E}"
EndProject
Project("{8BC9CEB8-8B4A-11D0-8D11-00A0C91BC942}") = "pr9", "pr9\pr9.vcxproj", "{37C69140-8AEF-4EC7-ADF1-FB66937B3450}"
EndProject
Project("{8BC9CEB8-8B4A-11D0-8D11-00A0C91BC942}") = "pr10", "pr10\pr10.vcxproj", "{8D5FAF88-6766-49BF-A1C2-8CA31A1B48A2}"
EndProject
Project("{8BC9CEB8-8B4A-11D0-8D11-00A0C91BC942}") = "pr11", "pr11\pr11.vcxproj", "{81A2D434-7E5C-48A5-9AE1-AEBBE6A7DF71}"
EndProject
Project("{8BC9CEB8-8B4A-11D0-8D11-00A0C91BC942}") = "pr12", "pr12\pr12.vcxproj", "{14B0BE05-694D-47EE-B0F4-C4D03A355D2F}"
EndProject
Project("{8BC9CEB8-8B4A-11D0-8D11-00A0C91BC942}") = "pr13", "pr13\pr13.vcxproj", "{2E9907A9-467F-419A-A7BC-F5837005FD19}"
EndProject
Global
	GlobalSection(SolutionConfigurationPlatforms) = preSolution
		Debug|x64 = Debug|x64
		Debug|x86 = Debug|x86
		Release|x64 = Release|x64
		Release|x86 = Release|x86
	EndGlobalSection
	GlobalSection(ProjectConfigurationPlatforms) = postSolution
		{2DE9FD33-18E1-4B2A-BCBA-7FF718ACC472}.Debug|x64.ActiveCfg = Debug|x64
		{2DE9FD33-18E1-4B2A-BCBA-7FF718ACC472}.Debug|x64.Build.0 = Debug|x64
		{2DE9FD33-18E1-4B2A-BCBA-7FF718ACC472}.Debug|x86.ActiveCfg = Debug|Win32
		{2DE9FD33-18E1-4B2A-BCBA-7FF718ACC472}.Debug|x86.Build.0 = Debug|Win32
		{2DE9FD33-18E1-4B2A-BCBA-7FF718ACC472}.Release|x64.ActiveCfg = Release|x64
		{2DE9FD33-18E1-4B2A-BCBA-7FF718ACC472}.Release|x64.Build.0 = Release|x64
		{2DE9FD33-18E1-4B2A-BCBA-7FF718ACC472}.Release|x86.ActiveCfg = Release|Win32
		{2DE9FD33-18E1-4B2A-BCBA-7FF718ACC472}.Release|x86.Build.0 = Release|Win32
		{2851949A-A338-4C50-9ED1-44381779DC8A}.Debug|x64.ActiveCfg = Debug|x64
		{2851949A-A338-4C50-9ED1-44381779DC8A}.Debug|x64.Build.0 = Debug|x64
		{2851949A-A338-4C50-9ED1-44381779DC8A}.Debug|x86.ActiveCfg = Debug|Win32
		{2851949A-A338-4C50-9ED1-44381779DC8A}.Debug|x86.Build.0 = Debug|Win32
		{2851949A-A338-4C50-9ED1-44381779DC8A}.Release|x64.ActiveCfg = Release|x64
		{2851949A-A338-4C50-9ED1-44381779DC8A}.Release|x64.Build.0 = Release|x64
		{2851949A-A338-4C50-9ED1-44381779DC8A}.Release|x86.ActiveCfg = Release|Win32
		{2851949A-A338-4C50-9ED1-44381779DC8A}.Release|x86.Build.0 = Release|Win32
		{B0BF803A-B947-49C2-B463-92FC2FC93875}.Debug|x64.ActiveCfg = Debug|x64
		{B0BF803A-B947-49C2-B463-92FC2FC93875}.Debug|x64.Build.0 = Debug|x64
		{B0BF803A-B947-49C2-B463-92FC2FC93875}.Debug|x86.ActiveCfg = Debug|Win32
		{B0BF803A-B947-49C2-B463-92FC2FC93875}.Debug|x86.Build.0 = Debug|Win32
		{B0BF803A-B947-49C2-B463-92FC2FC93875}.Release|x64.ActiveCfg = Release|x64
		{B0BF803A-B947-49C2-B463-92FC2FC93875}.Release|x64.Build.0 = Release|x64
		{B0BF803A-B947-49C2-B463-92FC2FC93875}.Release|x86.ActiveCfg = Release|Win32
		{B0BF803A-B947-49C2-B463-92FC2FC93875}.Release|x86.Build.0 = Release|Win32
		{D9132AD4-6106-45B5-A320-E3DF6E3B26C1}.Debug|x64.ActiveCfg = Debug|x64
		{D9132AD4-6106-45B5-A320-E3DF6E3B26C1}.Debug|x64.Build.0 = Debug|x64
		{D9132AD4-6106-45B5-A320-E3DF6E3B26C1}.Debug|x86.ActiveCfg = Debug|Win32
		{D9132AD4-6106-45B5-A320-E3DF6E3B26C1}.Debug|x86.Build.0 = Debug|Win32
		{D9132AD4-6106-45B5-A320-E3DF6E3B26C1}.Release|x64.ActiveCfg = Release|x64
		{D9132AD4-6106-45B5-A320-E3DF6E3B26C1}.Release|x64.Build.0 = Release|x64
		{D9132AD4-6106-45B5-A320-E3DF6E3B26C1}.Release|x86.ActiveCfg = Release|Win32
		{D9132AD4-6106-45B5-A320-E3DF6E3B26C1}.Release|x86.Build.0 = Release|Win32
		{66EA1047-3821-4ED9-8DFC-630D1996021E}.Debug|x64.ActiveCfg = Debug|x64
		{66EA1047-3821-4ED9-8DFC-630D1996021E}.Debug|x64.Build.0 = Debug|x64
		{66EA1047-3821-4ED9-8DFC-630D1996021E}.Debug|x86.ActiveCfg = Debug|Win32
		{66EA1047-3821-4ED9-8DFC-630D1996021E}.Debug|x86.Build.0 = Debug|Win32
		{66EA1047-3821-4ED9-8DFC-630D1996021E}.Release|x64.ActiveCfg = Release|x64
		{66EA1047-3821-4ED9-8DFC-630D1996021E}.Release|x64.Build.0 = Release|x64
		{66EA1047-3821-4ED9-8DFC-630D1996021E}.Release|x86.ActiveCfg = Release|Win32
		{66EA1047-3821-4ED9-8DFC-630D1996021E}.Release|x86.Build.0 = Release|Win32
		{37C69140-8AEF-4EC7-ADF1-FB66937B3450}.Debug|x64.ActiveCfg = Debug|x64
		{37C69140-8AEF-4EC7-ADF1-FB66937B3450}.Debug|x64.Build.0 = Debug|x64
		{37C69140-8AEF-4EC7-ADF1-FB66937B3450}.Debug|x86.ActiveCfg = Debug|Win32
		{37C69140-8AEF-4EC7-ADF1-FB66937B3450}.Debug|x86.Build.0 = Debug|Win32
		{37C69140-8AEF-4EC7-ADF1-FB66937B3450}.Release|x64.ActiveCfg = Release|x64
		{37C69140-8AEF-4EC7-ADF1-FB66937B3450}.Release|x64.Build.0 = Release|x64
		{37C69140-8AEF-4EC7-ADF1-FB66937B3450}.Release|x86.ActiveCfg = Release|Win32
		{37C69140-8AEF-4EC7-ADF1-FB66937B3450}.Release|x86.Build.0 = Release|Win32
		{8D5FAF88-6766-49BF-A1C2-8CA31A1B48A2}.Debug|x64.ActiveCfg = Debug|x64
		{8D5FAF88-6766-49BF-A1C2-8CA31A1B48A2}.Debug|x64.Build.0 = Debug|x64
		{8D5FAF88-6766-49BF-A1C2-8CA31A1B48A2}.Debug|x86.ActiveCfg = Debug|Win32
		{8D5FAF88-6766-49BF-A1C2-8CA31A1B48A2}.Debug|x86.Build.0 = Debug|Win32
		{8D5FAF88-6766-49BF-A1C2-8CA31A1B48A2}.Release|x64.ActiveCfg = Release|x64
		{8D5FAF88-6766-49BF-A1C2-8CA31A1B48A2}.Release|x64.Build.0 = Release|x64
		{8D5FAF88-6766-49BF-A1C2-8CA31A1B48A2}.Release|x86.ActiveCfg = Release|Win32
		{8D5FAF88-6766-49BF-A1C2-8CA31A1B48A2}.Release|x86.Build.0 = Release|Win32
		{81A2D434-7E5C-48A5-9AE1-AEBBE6A7DF71}.Debug|x64.ActiveCfg = Debug|x64
		{81A2D434-7E5C-48A5-9AE1-AEBBE6A7DF71}.Debug|x64.Build.0 = Debug|x64
		{81A2D434-7E5C-48A5-9AE1-AEBBE6A7DF71}.Debug|x86.ActiveCfg = Debug|Win32
		{81A2D434-7E5C-48A5-9AE1-AEBBE6A7DF71}.Debug|x86.Build.0 = Debug|Win32
		{81A2D434-7E5C-48A5-9AE1-AEBBE6A7DF71}.Release|x64.ActiveCfg = Release|x64
		{81A2D434-7E5C-48A5-9AE1-AEBBE6A7DF71}.Release|x64.Build.0 = Release|x64
		{81A2D434-7E5C-48A5-9AE1-AEBBE6A7DF71}.Release|x86.ActiveCfg = Release|Win32
		{81A2D434-7E5C-48A5-9AE1-AEBBE6A7DF71}.Release|x86.Build.0 = Release|Win32
		{14B0BE05-694D-47EE-B0F4-C4D03A355D2F}.Debug|x64.ActiveCfg = Debug|x64
		{14B0BE05-694D-47EE-B0F4-C4D03A355D2F}.Debug|x64.Build.0 = Debug|x64
		{14B0BE05-694D-47EE-B0F4-C4D03A355D2F}.Debug|x86.ActiveCfg = Debug|Win32
		{14B0BE05-694D-47EE-B0F4-C4D03A355D2F}.Debug|x86.Build.0 = Debug|Win32
		{14B0BE05-694D-47EE-B0F4-C4D03A355D2F}.Release|x64.ActiveCfg = Release|x64
		{14B0BE05-694D-47EE-B0F4-C4D03A355D2F}.Release|x64.Build.0 = Release|x64
		{14B0BE05-694D-47EE-B0F4-C4D03A355D2F}.Release|x86.ActiveCfg = Release|Win32
		{14B0BE05-694D-47EE-B0F4-C4D03A355D2F}.Release|x86.Build.0 = Release|Win32
		{2E9907A9-467F-419A-A7BC-F5837005FD19}.Debug|x64.ActiveCfg = Debug|x64
		{2E9907A9-467F-419A-A7BC-F5837005FD19}.Debug|x64.Build.0 = Debug|x64
		{2E9907A9-467F-419A-A7BC-F5837005FD19}.Debug|x86.ActiveCfg = Debug|Win32
		{2E9907A9-467F-419A-A7BC-F5837005FD19}.Debug|x86.Build.0 = Debug|Win32
		{2E9907A9-467F-419A-A7BC-F5837005FD19}.Release|x64.ActiveCfg = Release|x64
		{2E9907A9-467F-419A-A7BC-F5837005FD19}.Release|x64.Build.0 = Release|x64
		{2E9907A9-467F-419A-A7BC-F5837005FD19}.Release|x86.ActiveCfg = Release|Win32
		{2E9907A9-467F-419A-A7BC-F5837005FD19}.Release|x86.Build.0 = Release|Win32
	EndGlobalSection
	GlobalSection(SolutionProperties) = preSolution
		HideSolutionNode = FALSE
	EndGlobalSection
	GlobalSection(ExtensibilityGlobals) = postSolution
		SolutionGuid = {7404D7B9-114C-4A8A-AE27-BB25704EF413}
	EndGlobalSection
EndGlobal
